// !$*UTF8*$!
{
	archiveVersion = 1;
	classes = {
	};
	objectVersion = 46;
	objects = {

/* Begin PBXBuildFile section */
		25FEE9D9F44528598080CB60 /* libPods-JXFilePreviewDemo.a in Frameworks */ = {isa = PBXBuildFile; fileRef = AD60B27EDF0D7C4AADFFFFA4 /* libPods-JXFilePreviewDemo.a */; };
		64A9374C1E6829C4007297AA /* JXFilePreviewViewController.m in Sources */ = {isa = PBXBuildFile; fileRef = 64A9374B1E6829C4007297AA /* JXFilePreviewViewController.m */; };
		64A9374D1E6829C4007297AA /* JXFilePreviewViewController.h in CopyFiles */ = {isa = PBXBuildFile; fileRef = 64A9374A1E6829C4007297AA /* JXFilePreviewViewController.h */; };
		64A937551E682B0D007297AA /* JXFileDownloadView.m in Sources */ = {isa = PBXBuildFile; fileRef = 64A937541E682B0D007297AA /* JXFileDownloadView.m */; };
		64A937581E682B36007297AA /* JXProgressView.m in Sources */ = {isa = PBXBuildFile; fileRef = 64A937571E682B36007297AA /* JXProgressView.m */; };
		64A9375B1E682B63007297AA /* JXFileDownloader.m in Sources */ = {isa = PBXBuildFile; fileRef = 64A9375A1E682B63007297AA /* JXFileDownloader.m */; };
		64A9375E1E682B85007297AA /* JXFileCache.m in Sources */ = {isa = PBXBuildFile; fileRef = 64A9375D1E682B85007297AA /* JXFileCache.m */; };
		64A937681E682BEF007297AA /* main.m in Sources */ = {isa = PBXBuildFile; fileRef = 64A937671E682BEF007297AA /* main.m */; };
		64A9376B1E682BEF007297AA /* AppDelegate.m in Sources */ = {isa = PBXBuildFile; fileRef = 64A9376A1E682BEF007297AA /* AppDelegate.m */; };
		64A9376E1E682BEF007297AA /* ViewController.m in Sources */ = {isa = PBXBuildFile; fileRef = 64A9376D1E682BEF007297AA /* ViewController.m */; };
		64A937711E682BEF007297AA /* Main.storyboard in Resources */ = {isa = PBXBuildFile; fileRef = 64A9376F1E682BEF007297AA /* Main.storyboard */; };
		64A937731E682BEF007297AA /* Assets.xcassets in Resources */ = {isa = PBXBuildFile; fileRef = 64A937721E682BEF007297AA /* Assets.xcassets */; };
		64A937761E682BEF007297AA /* LaunchScreen.storyboard in Resources */ = {isa = PBXBuildFile; fileRef = 64A937741E682BEF007297AA /* LaunchScreen.storyboard */; };
		64A9377B1E682E3A007297AA /* JXFilePreviewViewController.m in Sources */ = {isa = PBXBuildFile; fileRef = 64A9374B1E6829C4007297AA /* JXFilePreviewViewController.m */; };
		64A9377C1E682E3A007297AA /* JXFileDownloadView.m in Sources */ = {isa = PBXBuildFile; fileRef = 64A937541E682B0D007297AA /* JXFileDownloadView.m */; };
		64A9377D1E682E3A007297AA /* JXFileDownloader.m in Sources */ = {isa = PBXBuildFile; fileRef = 64A9375A1E682B63007297AA /* JXFileDownloader.m */; };
		64A9377E1E682E3A007297AA /* JXProgressView.m in Sources */ = {isa = PBXBuildFile; fileRef = 64A937571E682B36007297AA /* JXProgressView.m */; };
		64A9377F1E682E3A007297AA /* JXFileCache.m in Sources */ = {isa = PBXBuildFile; fileRef = 64A9375D1E682B85007297AA /* JXFileCache.m */; };
		64AA0DF21E6952E500A04B0A /* Image.xcassets in Resources */ = {isa = PBXBuildFile; fileRef = 64AA0DF11E69525A00A04B0A /* Image.xcassets */; };
		64F21BC41E8665560039161F /* JXResumeData.m in Sources */ = {isa = PBXBuildFile; fileRef = 64F21BC31E8665560039161F /* JXResumeData.m */; };
		F2B59E146707E8D6C3152B36 /* libPods-JXFilePreviewViewController.a in Frameworks */ = {isa = PBXBuildFile; fileRef = CFEA0F0FF083030884F197D3 /* libPods-JXFilePreviewViewController.a */; };
/* End PBXBuildFile section */

/* Begin PBXCopyFilesBuildPhase section */
		64A937451E6829C4007297AA /* CopyFiles */ = {
			isa = PBXCopyFilesBuildPhase;
			buildActionMask = 2147483647;
			dstPath = "include/$(PRODUCT_NAME)";
			dstSubfolderSpec = 16;
			files = (
				64A9374D1E6829C4007297AA /* JXFilePreviewViewController.h in CopyFiles */,
			);
			runOnlyForDeploymentPostprocessing = 0;
		};
/* End PBXCopyFilesBuildPhase section */

/* Begin PBXFileReference section */
		081E7BE32BF2FE4A19B36A7C /* Pods-JXFilePreviewViewController.release.xcconfig */ = {isa = PBXFileReference; includeInIndex = 1; lastKnownFileType = text.xcconfig; name = "Pods-JXFilePreviewViewController.release.xcconfig"; path = "Pods/Target Support Files/Pods-JXFilePreviewViewController/Pods-JXFilePreviewViewController.release.xcconfig"; sourceTree = "<group>"; };
		241762D98EB3302EA2B1F630 /* Pods-JXFilePreviewDemo.release.xcconfig */ = {isa = PBXFileReference; includeInIndex = 1; lastKnownFileType = text.xcconfig; name = "Pods-JXFilePreviewDemo.release.xcconfig"; path = "Pods/Target Support Files/Pods-JXFilePreviewDemo/Pods-JXFilePreviewDemo.release.xcconfig"; sourceTree = "<group>"; };
		35DB6C24D62A878A43878CC8 /* Pods-JXFilePreviewDemo.debug.xcconfig */ = {isa = PBXFileReference; includeInIndex = 1; lastKnownFileType = text.xcconfig; name = "Pods-JXFilePreviewDemo.debug.xcconfig"; path = "Pods/Target Support Files/Pods-JXFilePreviewDemo/Pods-JXFilePreviewDemo.debug.xcconfig"; sourceTree = "<group>"; };
		64A937471E6829C4007297AA /* libJXFilePreviewViewController.a */ = {isa = PBXFileReference; explicitFileType = archive.ar; includeInIndex = 0; path = libJXFilePreviewViewController.a; sourceTree = BUILT_PRODUCTS_DIR; };
		64A9374A1E6829C4007297AA /* JXFilePreviewViewController.h */ = {isa = PBXFileReference; lastKnownFileType = sourcecode.c.h; path = JXFilePreviewViewController.h; sourceTree = "<group>"; };
		64A9374B1E6829C4007297AA /* JXFilePreviewViewController.m */ = {isa = PBXFileReference; lastKnownFileType = sourcecode.c.objc; path = JXFilePreviewViewController.m; sourceTree = "<group>"; };
		64A937531E682B0D007297AA /* JXFileDownloadView.h */ = {isa = PBXFileReference; fileEncoding = 4; lastKnownFileType = sourcecode.c.h; path = JXFileDownloadView.h; sourceTree = "<group>"; };
		64A937541E682B0D007297AA /* JXFileDownloadView.m */ = {isa = PBXFileReference; fileEncoding = 4; lastKnownFileType = sourcecode.c.objc; path = JXFileDownloadView.m; sourceTree = "<group>"; };
		64A937561E682B36007297AA /* JXProgressView.h */ = {isa = PBXFileReference; fileEncoding = 4; lastKnownFileType = sourcecode.c.h; path = JXProgressView.h; sourceTree = "<group>"; };
		64A937571E682B36007297AA /* JXProgressView.m */ = {isa = PBXFileReference; fileEncoding = 4; lastKnownFileType = sourcecode.c.objc; path = JXProgressView.m; sourceTree = "<group>"; };
		64A937591E682B63007297AA /* JXFileDownloader.h */ = {isa = PBXFileReference; fileEncoding = 4; lastKnownFileType = sourcecode.c.h; path = JXFileDownloader.h; sourceTree = "<group>"; };
		64A9375A1E682B63007297AA /* JXFileDownloader.m */ = {isa = PBXFileReference; fileEncoding = 4; lastKnownFileType = sourcecode.c.objc; path = JXFileDownloader.m; sourceTree = "<group>"; };
		64A9375C1E682B85007297AA /* JXFileCache.h */ = {isa = PBXFileReference; fileEncoding = 4; lastKnownFileType = sourcecode.c.h; path = JXFileCache.h; sourceTree = "<group>"; };
		64A9375D1E682B85007297AA /* JXFileCache.m */ = {isa = PBXFileReference; fileEncoding = 4; lastKnownFileType = sourcecode.c.objc; path = JXFileCache.m; sourceTree = "<group>"; };
		64A9375F1E682B9D007297AA /* Podfile */ = {isa = PBXFileReference; fileEncoding = 4; lastKnownFileType = text; path = Podfile; sourceTree = "<group>"; };
		64A937641E682BEF007297AA /* JXFilePreviewDemo.app */ = {isa = PBXFileReference; explicitFileType = wrapper.application; includeInIndex = 0; path = JXFilePreviewDemo.app; sourceTree = BUILT_PRODUCTS_DIR; };
		64A937671E682BEF007297AA /* main.m */ = {isa = PBXFileReference; lastKnownFileType = sourcecode.c.objc; path = main.m; sourceTree = "<group>"; };
		64A937691E682BEF007297AA /* AppDelegate.h */ = {isa = PBXFileReference; lastKnownFileType = sourcecode.c.h; path = AppDelegate.h; sourceTree = "<group>"; };
		64A9376A1E682BEF007297AA /* AppDelegate.m */ = {isa = PBXFileReference; lastKnownFileType = sourcecode.c.objc; path = AppDelegate.m; sourceTree = "<group>"; };
		64A9376C1E682BEF007297AA /* ViewController.h */ = {isa = PBXFileReference; lastKnownFileType = sourcecode.c.h; path = ViewController.h; sourceTree = "<group>"; };
		64A9376D1E682BEF007297AA /* ViewController.m */ = {isa = PBXFileReference; lastKnownFileType = sourcecode.c.objc; path = ViewController.m; sourceTree = "<group>"; };
		64A937701E682BEF007297AA /* Base */ = {isa = PBXFileReference; lastKnownFileType = file.storyboard; name = Base; path = Base.lproj/Main.storyboard; sourceTree = "<group>"; };
		64A937721E682BEF007297AA /* Assets.xcassets */ = {isa = PBXFileReference; lastKnownFileType = folder.assetcatalog; path = Assets.xcassets; sourceTree = "<group>"; };
		64A937751E682BEF007297AA /* Base */ = {isa = PBXFileReference; lastKnownFileType = file.storyboard; name = Base; path = Base.lproj/LaunchScreen.storyboard; sourceTree = "<group>"; };
		64A937771E682BEF007297AA /* Info.plist */ = {isa = PBXFileReference; lastKnownFileType = text.plist.xml; path = Info.plist; sourceTree = "<group>"; };
		64AA0DF11E69525A00A04B0A /* Image.xcassets */ = {isa = PBXFileReference; lastKnownFileType = folder.assetcatalog; path = Image.xcassets; sourceTree = "<group>"; };
		64F21BC21E8665560039161F /* JXResumeData.h */ = {isa = PBXFileReference; fileEncoding = 4; lastKnownFileType = sourcecode.c.h; path = JXResumeData.h; sourceTree = "<group>"; };
		64F21BC31E8665560039161F /* JXResumeData.m */ = {isa = PBXFileReference; fileEncoding = 4; lastKnownFileType = sourcecode.c.objc; path = JXResumeData.m; sourceTree = "<group>"; };
		AD60B27EDF0D7C4AADFFFFA4 /* libPods-JXFilePreviewDemo.a */ = {isa = PBXFileReference; explicitFileType = archive.ar; includeInIndex = 0; path = "libPods-JXFilePreviewDemo.a"; sourceTree = BUILT_PRODUCTS_DIR; };
		CFEA0F0FF083030884F197D3 /* libPods-JXFilePreviewViewController.a */ = {isa = PBXFileReference; explicitFileType = archive.ar; includeInIndex = 0; path = "libPods-JXFilePreviewViewController.a"; sourceTree = BUILT_PRODUCTS_DIR; };
		FCCE64F1CBD4808642D66E0A /* Pods-JXFilePreviewViewController.debug.xcconfig */ = {isa = PBXFileReference; includeInIndex = 1; lastKnownFileType = text.xcconfig; name = "Pods-JXFilePreviewViewController.debug.xcconfig"; path = "Pods/Target Support Files/Pods-JXFilePreviewViewController/Pods-JXFilePreviewViewController.debug.xcconfig"; sourceTree = "<group>"; };
/* End PBXFileReference section */

/* Begin PBXFrameworksBuildPhase section */
		64A937441E6829C4007297AA /* Frameworks */ = {
			isa = PBXFrameworksBuildPhase;
			buildActionMask = 2147483647;
			files = (
				F2B59E146707E8D6C3152B36 /* libPods-JXFilePreviewViewController.a in Frameworks */,
			);
			runOnlyForDeploymentPostprocessing = 0;
		};
		64A937611E682BEF007297AA /* Frameworks */ = {
			isa = PBXFrameworksBuildPhase;
			buildActionMask = 2147483647;
			files = (
				25FEE9D9F44528598080CB60 /* libPods-JXFilePreviewDemo.a in Frameworks */,
			);
			runOnlyForDeploymentPostprocessing = 0;
		};
/* End PBXFrameworksBuildPhase section */

/* Begin PBXGroup section */
		64A9373E1E6829C4007297AA = {
			isa = PBXGroup;
			children = (
				64A9375F1E682B9D007297AA /* Podfile */,
				64A937491E6829C4007297AA /* JXFilePreviewViewController */,
				64A937651E682BEF007297AA /* JXFilePreviewDemo */,
				64A937481E6829C4007297AA /* Products */,
				C5745CD48ADB158D2BC3A465 /* Pods */,
				C0ECD275F0CC811CE0161C61 /* Frameworks */,
			);
			sourceTree = "<group>";
		};
		64A937481E6829C4007297AA /* Products */ = {
			isa = PBXGroup;
			children = (
				64A937471E6829C4007297AA /* libJXFilePreviewViewController.a */,
				64A937641E682BEF007297AA /* JXFilePreviewDemo.app */,
			);
			name = Products;
			sourceTree = "<group>";
		};
		64A937491E6829C4007297AA /* JXFilePreviewViewController */ = {
			isa = PBXGroup;
			children = (
				64A9374A1E6829C4007297AA /* JXFilePreviewViewController.h */,
				64A9374B1E6829C4007297AA /* JXFilePreviewViewController.m */,
				64A937531E682B0D007297AA /* JXFileDownloadView.h */,
				64A937541E682B0D007297AA /* JXFileDownloadView.m */,
				64A937591E682B63007297AA /* JXFileDownloader.h */,
				64A9375A1E682B63007297AA /* JXFileDownloader.m */,
				64A937561E682B36007297AA /* JXProgressView.h */,
				64A937571E682B36007297AA /* JXProgressView.m */,
				64A9375C1E682B85007297AA /* JXFileCache.h */,
				64A9375D1E682B85007297AA /* JXFileCache.m */,
				64AA0DF11E69525A00A04B0A /* Image.xcassets */,
				64F21BC21E8665560039161F /* JXResumeData.h */,
				64F21BC31E8665560039161F /* JXResumeData.m */,
			);
			path = JXFilePreviewViewController;
			sourceTree = "<group>";
		};
		64A937651E682BEF007297AA /* JXFilePreviewDemo */ = {
			isa = PBXGroup;
			children = (
				64A937691E682BEF007297AA /* AppDelegate.h */,
				64A9376A1E682BEF007297AA /* AppDelegate.m */,
				64A9376C1E682BEF007297AA /* ViewController.h */,
				64A9376D1E682BEF007297AA /* ViewController.m */,
				64A9376F1E682BEF007297AA /* Main.storyboard */,
				64A937721E682BEF007297AA /* Assets.xcassets */,
				64A937741E682BEF007297AA /* LaunchScreen.storyboard */,
				64A937771E682BEF007297AA /* Info.plist */,
				64A937661E682BEF007297AA /* Supporting Files */,
			);
			path = JXFilePreviewDemo;
			sourceTree = "<group>";
		};
		64A937661E682BEF007297AA /* Supporting Files */ = {
			isa = PBXGroup;
			children = (
				64A937671E682BEF007297AA /* main.m */,
			);
			name = "Supporting Files";
			sourceTree = "<group>";
		};
		C0ECD275F0CC811CE0161C61 /* Frameworks */ = {
			isa = PBXGroup;
			children = (
				AD60B27EDF0D7C4AADFFFFA4 /* libPods-JXFilePreviewDemo.a */,
				CFEA0F0FF083030884F197D3 /* libPods-JXFilePreviewViewController.a */,
			);
			name = Frameworks;
			sourceTree = "<group>";
		};
		C5745CD48ADB158D2BC3A465 /* Pods */ = {
			isa = PBXGroup;
			children = (
				35DB6C24D62A878A43878CC8 /* Pods-JXFilePreviewDemo.debug.xcconfig */,
				241762D98EB3302EA2B1F630 /* Pods-JXFilePreviewDemo.release.xcconfig */,
				FCCE64F1CBD4808642D66E0A /* Pods-JXFilePreviewViewController.debug.xcconfig */,
				081E7BE32BF2FE4A19B36A7C /* Pods-JXFilePreviewViewController.release.xcconfig */,
			);
			name = Pods;
			sourceTree = "<group>";
		};
/* End PBXGroup section */

/* Begin PBXNativeTarget section */
		64A937461E6829C4007297AA /* JXFilePreviewViewController */ = {
			isa = PBXNativeTarget;
			buildConfigurationList = 64A937501E6829C4007297AA /* Build configuration list for PBXNativeTarget "JXFilePreviewViewController" */;
			buildPhases = (
				B4E02326FB5E8EFB8C33D0A9 /* [CP] Check Pods Manifest.lock */,
				64A937431E6829C4007297AA /* Sources */,
				64A937441E6829C4007297AA /* Frameworks */,
				64A937451E6829C4007297AA /* CopyFiles */,
				D636057354E0FAA038B65302 /* [CP] Copy Pods Resources */,
			);
			buildRules = (
			);
			dependencies = (
			);
			name = JXFilePreviewViewController;
			productName = JXFilePreviewViewController;
			productReference = 64A937471E6829C4007297AA /* libJXFilePreviewViewController.a */;
			productType = "com.apple.product-type.library.static";
		};
		64A937631E682BEF007297AA /* JXFilePreviewDemo */ = {
			isa = PBXNativeTarget;
			buildConfigurationList = 64A937781E682BEF007297AA /* Build configuration list for PBXNativeTarget "JXFilePreviewDemo" */;
			buildPhases = (
				E2AC80E8D43531AE4E7C8855 /* [CP] Check Pods Manifest.lock */,
				64A937601E682BEF007297AA /* Sources */,
				64A937611E682BEF007297AA /* Frameworks */,
				64A937621E682BEF007297AA /* Resources */,
				4F628C0F21262AB4E27556B7 /* [CP] Embed Pods Frameworks */,
				036699513C77CD4CB75CD05C /* [CP] Copy Pods Resources */,
			);
			buildRules = (
			);
			dependencies = (
			);
			name = JXFilePreviewDemo;
			productName = JXFilePreviewDemo;
			productReference = 64A937641E682BEF007297AA /* JXFilePreviewDemo.app */;
			productType = "com.apple.product-type.application";
		};
/* End PBXNativeTarget section */

/* Begin PBXProject section */
		64A9373F1E6829C4007297AA /* Project object */ = {
			isa = PBXProject;
			attributes = {
				LastUpgradeCheck = 0810;
				ORGANIZATIONNAME = zjx;
				TargetAttributes = {
					64A937461E6829C4007297AA = {
						CreatedOnToolsVersion = 8.1;
						DevelopmentTeam = 3UBA29BW8P;
						ProvisioningStyle = Automatic;
					};
					64A937631E682BEF007297AA = {
						CreatedOnToolsVersion = 8.1;
						DevelopmentTeam = 3UBA29BW8P;
						ProvisioningStyle = Automatic;
					};
				};
			};
			buildConfigurationList = 64A937421E6829C4007297AA /* Build configuration list for PBXProject "JXFilePreviewViewController" */;
			compatibilityVersion = "Xcode 3.2";
			developmentRegion = English;
			hasScannedForEncodings = 0;
			knownRegions = (
				en,
				Base,
			);
			mainGroup = 64A9373E1E6829C4007297AA;
			productRefGroup = 64A937481E6829C4007297AA /* Products */;
			projectDirPath = "";
			projectRoot = "";
			targets = (
				64A937461E6829C4007297AA /* JXFilePreviewViewController */,
				64A937631E682BEF007297AA /* JXFilePreviewDemo */,
			);
		};
/* End PBXProject section */

/* Begin PBXResourcesBuildPhase section */
		64A937621E682BEF007297AA /* Resources */ = {
			isa = PBXResourcesBuildPhase;
			buildActionMask = 2147483647;
			files = (
				64A937761E682BEF007297AA /* LaunchScreen.storyboard in Resources */,
				64AA0DF21E6952E500A04B0A /* Image.xcassets in Resources */,
				64A937731E682BEF007297AA /* Assets.xcassets in Resources */,
				64A937711E682BEF007297AA /* Main.storyboard in Resources */,
			);
			runOnlyForDeploymentPostprocessing = 0;
		};
/* End PBXResourcesBuildPhase section */

/* Begin PBXShellScriptBuildPhase section */
		036699513C77CD4CB75CD05C /* [CP] Copy Pods Resources */ = {
			isa = PBXShellScriptBuildPhase;
			buildActionMask = 2147483647;
			files = (
			);
			inputPaths = (
			);
			name = "[CP] Copy Pods Resources";
			outputPaths = (
			);
			runOnlyForDeploymentPostprocessing = 0;
			shellPath = /bin/sh;
			shellScript = "\"${SRCROOT}/Pods/Target Support Files/Pods-JXFilePreviewDemo/Pods-JXFilePreviewDemo-resources.sh\"\n";
			showEnvVarsInLog = 0;
		};
		4F628C0F21262AB4E27556B7 /* [CP] Embed Pods Frameworks */ = {
			isa = PBXShellScriptBuildPhase;
			buildActionMask = 2147483647;
			files = (
			);
			inputPaths = (
			);
			name = "[CP] Embed Pods Frameworks";
			outputPaths = (
			);
			runOnlyForDeploymentPostprocessing = 0;
			shellPath = /bin/sh;
			shellScript = "\"${SRCROOT}/Pods/Target Support Files/Pods-JXFilePreviewDemo/Pods-JXFilePreviewDemo-frameworks.sh\"\n";
			showEnvVarsInLog = 0;
		};
		B4E02326FB5E8EFB8C33D0A9 /* [CP] Check Pods Manifest.lock */ = {
			isa = PBXShellScriptBuildPhase;
			buildActionMask = 2147483647;
			files = (
			);
			inputPaths = (
			);
			name = "[CP] Check Pods Manifest.lock";
			outputPaths = (
			);
			runOnlyForDeploymentPostprocessing = 0;
			shellPath = /bin/sh;
			shellScript = "diff \"${PODS_ROOT}/../Podfile.lock\" \"${PODS_ROOT}/Manifest.lock\" > /dev/null\nif [ $? != 0 ] ; then\n    # print error to STDERR\n    echo \"error: The sandbox is not in sync with the Podfile.lock. Run 'pod install' or update your CocoaPods installation.\" >&2\n    exit 1\nfi\n";
			showEnvVarsInLog = 0;
		};
		D636057354E0FAA038B65302 /* [CP] Copy Pods Resources */ = {
			isa = PBXShellScriptBuildPhase;
			buildActionMask = 2147483647;
			files = (
			);
			inputPaths = (
			);
			name = "[CP] Copy Pods Resources";
			outputPaths = (
			);
			runOnlyForDeploymentPostprocessing = 0;
			shellPath = /bin/sh;
			shellScript = "\"${SRCROOT}/Pods/Target Support Files/Pods-JXFilePreviewViewController/Pods-JXFilePreviewViewController-resources.sh\"\n";
			showEnvVarsInLog = 0;
		};
		E2AC80E8D43531AE4E7C8855 /* [CP] Check Pods Manifest.lock */ = {
			isa = PBXShellScriptBuildPhase;
			buildActionMask = 2147483647;
			files = (
			);
			inputPaths = (
			);
			name = "[CP] Check Pods Manifest.lock";
			outputPaths = (
			);
			runOnlyForDeploymentPostprocessing = 0;
			shellPath = /bin/sh;
			shellScript = "diff \"${PODS_ROOT}/../Podfile.lock\" \"${PODS_ROOT}/Manifest.lock\" > /dev/null\nif [ $? != 0 ] ; then\n    # print error to STDERR\n    echo \"error: The sandbox is not in sync with the Podfile.lock. Run 'pod install' or update your CocoaPods installation.\" >&2\n    exit 1\nfi\n";
			showEnvVarsInLog = 0;
		};
/* End PBXShellScriptBuildPhase section */

/* Begin PBXSourcesBuildPhase section */
		64A937431E6829C4007297AA /* Sources */ = {
			isa = PBXSourcesBuildPhase;
			buildActionMask = 2147483647;
			files = (
				64A937581E682B36007297AA /* JXProgressView.m in Sources */,
				64A937551E682B0D007297AA /* JXFileDownloadView.m in Sources */,
				64F21BC41E8665560039161F /* JXResumeData.m in Sources */,
				64A9375E1E682B85007297AA /* JXFileCache.m in Sources */,
				64A9375B1E682B63007297AA /* JXFileDownloader.m in Sources */,
				64A9374C1E6829C4007297AA /* JXFilePreviewViewController.m in Sources */,
			);
			runOnlyForDeploymentPostprocessing = 0;
		};
		64A937601E682BEF007297AA /* Sources */ = {
			isa = PBXSourcesBuildPhase;
			buildActionMask = 2147483647;
			files = (
				64A9377B1E682E3A007297AA /* JXFilePreviewViewController.m in Sources */,
				64A9377C1E682E3A007297AA /* JXFileDownloadView.m in Sources */,
				64A9377D1E682E3A007297AA /* JXFileDownloader.m in Sources */,
				64A9377E1E682E3A007297AA /* JXProgressView.m in Sources */,
				64A9377F1E682E3A007297AA /* JXFileCache.m in Sources */,
				64A9376E1E682BEF007297AA /* ViewController.m in Sources */,
				64A9376B1E682BEF007297AA /* AppDelegate.m in Sources */,
				64A937681E682BEF007297AA /* main.m in Sources */,
			);
			runOnlyForDeploymentPostprocessing = 0;
		};
/* End PBXSourcesBuildPhase section */

/* Begin PBXVariantGroup section */
		64A9376F1E682BEF007297AA /* Main.storyboard */ = {
			isa = PBXVariantGroup;
			children = (
				64A937701E682BEF007297AA /* Base */,
			);
			name = Main.storyboard;
			sourceTree = "<group>";
		};
		64A937741E682BEF007297AA /* LaunchScreen.storyboard */ = {
			isa = PBXVariantGroup;
			children = (
				64A937751E682BEF007297AA /* Base */,
			);
			name = LaunchScreen.storyboard;
			sourceTree = "<group>";
		};
/* End PBXVariantGroup section */

/* Begin XCBuildConfiguration section */
		64A9374E1E6829C4007297AA /* Debug */ = {
			isa = XCBuildConfiguration;
			buildSettings = {
				ALWAYS_SEARCH_USER_PATHS = NO;
				CLANG_ANALYZER_NONNULL = YES;
				CLANG_CXX_LANGUAGE_STANDARD = "gnu++0x";
				CLANG_CXX_LIBRARY = "libc++";
				CLANG_ENABLE_MODULES = YES;
				CLANG_ENABLE_OBJC_ARC = YES;
				CLANG_WARN_BOOL_CONVERSION = YES;
				CLANG_WARN_CONSTANT_CONVERSION = YES;
				CLANG_WARN_DIRECT_OBJC_ISA_USAGE = YES_ERROR;
				CLANG_WARN_DOCUMENTATION_COMMENTS = YES;
				CLANG_WARN_EMPTY_BODY = YES;
				CLANG_WARN_ENUM_CONVERSION = YES;
				CLANG_WARN_INFINITE_RECURSION = YES;
				CLANG_WARN_INT_CONVERSION = YES;
				CLANG_WARN_OBJC_ROOT_CLASS = YES_ERROR;
				CLANG_WARN_SUSPICIOUS_MOVE = YES;
				CLANG_WARN_SUSPICIOUS_MOVES = YES;
				CLANG_WARN_UNREACHABLE_CODE = YES;
				CLANG_WARN__DUPLICATE_METHOD_MATCH = YES;
				"CODE_SIGN_IDENTITY[sdk=iphoneos*]" = "iPhone Developer";
				COPY_PHASE_STRIP = NO;
				DEBUG_INFORMATION_FORMAT = dwarf;
				ENABLE_STRICT_OBJC_MSGSEND = YES;
				ENABLE_TESTABILITY = YES;
				GCC_C_LANGUAGE_STANDARD = gnu99;
				GCC_DYNAMIC_NO_PIC = NO;
				GCC_NO_COMMON_BLOCKS = YES;
				GCC_OPTIMIZATION_LEVEL = 0;
				GCC_PREPROCESSOR_DEFINITIONS = (
					"DEBUG=1",
					"$(inherited)",
				);
				GCC_WARN_64_TO_32_BIT_CONVERSION = YES;
				GCC_WARN_ABOUT_RETURN_TYPE = YES_ERROR;
				GCC_WARN_UNDECLARED_SELECTOR = YES;
				GCC_WARN_UNINITIALIZED_AUTOS = YES_AGGRESSIVE;
				GCC_WARN_UNUSED_FUNCTION = YES;
				GCC_WARN_UNUSED_VARIABLE = YES;
				IPHONEOS_DEPLOYMENT_TARGET = 9.3;
				MTL_ENABLE_DEBUG_INFO = YES;
				ONLY_ACTIVE_ARCH = YES;
				SDKROOT = iphoneos;
			};
			name = Debug;
		};
		64A9374F1E6829C4007297AA /* Release */ = {
			isa = XCBuildConfiguration;
			buildSettings = {
				ALWAYS_SEARCH_USER_PATHS = NO;
				CLANG_ANALYZER_NONNULL = YES;
				CLANG_CXX_LANGUAGE_STANDARD = "gnu++0x";
				CLANG_CXX_LIBRARY = "libc++";
				CLANG_ENABLE_MODULES = YES;
				CLANG_ENABLE_OBJC_ARC = YES;
				CLANG_WARN_BOOL_CONVERSION = YES;
				CLANG_WARN_CONSTANT_CONVERSION = YES;
				CLANG_WARN_DIRECT_OBJC_ISA_USAGE = YES_ERROR;
				CLANG_WARN_DOCUMENTATION_COMMENTS = YES;
				CLANG_WARN_EMPTY_BODY = YES;
				CLANG_WARN_ENUM_CONVERSION = YES;
				CLANG_WARN_INFINITE_RECURSION = YES;
				CLANG_WARN_INT_CONVERSION = YES;
				CLANG_WARN_OBJC_ROOT_CLASS = YES_ERROR;
				CLANG_WARN_SUSPICIOUS_MOVE = YES;
				CLANG_WARN_SUSPICIOUS_MOVES = YES;
				CLANG_WARN_UNREACHABLE_CODE = YES;
				CLANG_WARN__DUPLICATE_METHOD_MATCH = YES;
				"CODE_SIGN_IDENTITY[sdk=iphoneos*]" = "iPhone Developer";
				COPY_PHASE_STRIP = NO;
				DEBUG_INFORMATION_FORMAT = "dwarf-with-dsym";
				ENABLE_NS_ASSERTIONS = NO;
				ENABLE_STRICT_OBJC_MSGSEND = YES;
				GCC_C_LANGUAGE_STANDARD = gnu99;
				GCC_NO_COMMON_BLOCKS = YES;
				GCC_WARN_64_TO_32_BIT_CONVERSION = YES;
				GCC_WARN_ABOUT_RETURN_TYPE = YES_ERROR;
				GCC_WARN_UNDECLARED_SELECTOR = YES;
				GCC_WARN_UNINITIALIZED_AUTOS = YES_AGGRESSIVE;
				GCC_WARN_UNUSED_FUNCTION = YES;
				GCC_WARN_UNUSED_VARIABLE = YES;
				IPHONEOS_DEPLOYMENT_TARGET = 9.3;
				MTL_ENABLE_DEBUG_INFO = NO;
				SDKROOT = iphoneos;
				VALIDATE_PRODUCT = YES;
			};
			name = Release;
		};
		64A937511E6829C4007297AA /* Debug */ = {
			isa = XCBuildConfiguration;
			baseConfigurationReference = FCCE64F1CBD4808642D66E0A /* Pods-JXFilePreviewViewController.debug.xcconfig */;
			buildSettings = {
				DEVELOPMENT_TEAM = 3UBA29BW8P;
				OTHER_LDFLAGS = "-ObjC";
				PRODUCT_NAME = "$(TARGET_NAME)";
				SKIP_INSTALL = YES;
			};
			name = Debug;
		};
		64A937521E6829C4007297AA /* Release */ = {
			isa = XCBuildConfiguration;
			baseConfigurationReference = 081E7BE32BF2FE4A19B36A7C /* Pods-JXFilePreviewViewController.release.xcconfig */;
			buildSettings = {
				DEVELOPMENT_TEAM = 3UBA29BW8P;
				OTHER_LDFLAGS = "-ObjC";
				PRODUCT_NAME = "$(TARGET_NAME)";
				SKIP_INSTALL = YES;
			};
			name = Release;
		};
		64A937791E682BEF007297AA /* Debug */ = {
			isa = XCBuildConfiguration;
			baseConfigurationReference = 35DB6C24D62A878A43878CC8 /* Pods-JXFilePreviewDemo.debug.xcconfig */;
			buildSettings = {
				ASSETCATALOG_COMPILER_APPICON_NAME = AppIcon;
				DEVELOPMENT_TEAM = 3UBA29BW8P;
				INFOPLIST_FILE = JXFilePreviewDemo/Info.plist;
				IPHONEOS_DEPLOYMENT_TARGET = 9.3;
				LD_RUNPATH_SEARCH_PATHS = "$(inherited) @executable_path/Frameworks";
				PRODUCT_BUNDLE_IDENTIFIER = com.zjx.JXFilePreviewDemo;
				PRODUCT_NAME = "$(TARGET_NAME)";
			};
			name = Debug;
		};
		64A9377A1E682BEF007297AA /* Release */ = {
			isa = XCBuildConfiguration;
			baseConfigurationReference = 241762D98EB3302EA2B1F630 /* Pods-JXFilePreviewDemo.release.xcconfig */;
			buildSettings = {
				ASSETCATALOG_COMPILER_APPICON_NAME = AppIcon;
				DEVELOPMENT_TEAM = 3UBA29BW8P;
				INFOPLIST_FILE = JXFilePreviewDemo/Info.plist;
				IPHONEOS_DEPLOYMENT_TARGET = 9.3;
				LD_RUNPATH_SEARCH_PATHS = "$(inherited) @executable_path/Frameworks";
				PRODUCT_BUNDLE_IDENTIFIER = com.zjx.JXFilePreviewDemo;
				PRODUCT_NAME = "$(TARGET_NAME)";
			};
			name = Release;
		};
/* End XCBuildConfiguration section */

/* Begin XCConfigurationList section */
		64A937421E6829C4007297AA /* Build configuration list for PBXProject "JXFilePreviewViewController" */ = {
			isa = XCConfigurationList;
			buildConfigurations = (
				64A9374E1E6829C4007297AA /* Debug */,
				64A9374F1E6829C4007297AA /* Release */,
			);
			defaultConfigurationIsVisible = 0;
			defaultConfigurationName = Release;
		};
		64A937501E6829C4007297AA /* Build configuration list for PBXNativeTarget "JXFilePreviewViewController" */ = {
			isa = XCConfigurationList;
			buildConfigurations = (
				64A937511E6829C4007297AA /* Debug */,
				64A937521E6829C4007297AA /* Release */,
			);
			defaultConfigurationIsVisible = 0;
			defaultConfigurationName = Release;
		};
		64A937781E682BEF007297AA /* Build configuration list for PBXNativeTarget "JXFilePreviewDemo" */ = {
			isa = XCConfigurationList;
			buildConfigurations = (
				64A937791E682BEF007297AA /* Debug */,
				64A9377A1E682BEF007297AA /* Release */,
			);
			defaultConfigurationIsVisible = 0;
			defaultConfigurationName = Release;
		};
/* End XCConfigurationList section */
	};
	rootObject = 64A9373F1E6829C4007297AA /* Project object */;
}
